PODS:
  - Alamofire (4.8.1)
  - CDAlertView (0.9.1)
  - DGElasticPullToRefresh (1.1)
  - HanekeSwift (0.10.1)
  - Moya (12.0.1):
    - Moya/Core (= 12.0.1)
  - Moya-ObjectMapper (2.8):
    - Moya-ObjectMapper/Core (= 2.8)
  - Moya-ObjectMapper/Core (2.8):
    - Moya (~> 12.0)
    - ObjectMapper (~> 3.4)
  - Moya/Core (12.0.1):
    - Alamofire (~> 4.1)
    - Result (~> 4.0)
  - ObjectMapper (3.4.2)
  - ReachabilitySwift (4.3.0)
  - Realm (3.13.1):
    - Realm/Headers (= 3.13.1)
  - Realm/Headers (3.13.1)
  - RealmSwift (3.13.1):
    - Realm (= 3.13.1)
  - Result (4.1.0)
  - Toast-Swift (4.0.1)
  - Windless (0.1.5)

DEPENDENCIES:
  - CDAlertView
  - DGElasticPullToRefresh
  - HanekeSwift (from `https://github.com/Haneke/HanekeSwift.git`, branch `feature/swift-3`)
  - Moya
  - Moya-ObjectMapper
  - ReachabilitySwift
  - RealmSwift
  - Toast-Swift
  - Windless

SPEC REPOS:
  https://github.com/cocoapods/specs.git:
    - Alamofire
    - CDAlertView
    - DGElasticPullToRefresh
    - Moya
    - Moya-ObjectMapper
    - ObjectMapper
    - ReachabilitySwift
    - Realm
    - RealmSwift
    - Result
    - Toast-Swift
    - Windless

EXTERNAL SOURCES:
  HanekeSwift:
    :branch: feature/swift-3
    :git: https://github.com/Haneke/HanekeSwift.git

CHECKOUT OPTIONS:
  HanekeSwift:
    :commit: 2f6d87f1f725d204d85cb34492e8c399cd5a200f
    :git: https://github.com/Haneke/HanekeSwift.git

SPEC CHECKSUMS:
  Alamofire: 16ce2c353fb72865124ddae8a57c5942388f4f11
  CDAlertView: 89450acbd8d882868f2fc4ec6d2b6f128710c779
  DGElasticPullToRefresh: 28f11a6026302a90f8ffebbc6e24748e584dddd3
  HanekeSwift: 4113367892828e7700d24a384027de6ebc79aad1
  Moya: cf730b3cd9e005401ef37a85143aa141a12fd38f
  Moya-ObjectMapper: c514b5eafcfd5e260f85f7a5bf66895a217e2b37
  ObjectMapper: 0d4402610f4e468903ae64629eec4784531e5c51
  ReachabilitySwift: 408477d1b6ed9779dba301953171e017c31241f3
  Realm: 50071da38fe079e0735e47c9f2eae738c68c5996
  RealmSwift: 8a1e6a02b7a08cd17a31e3115143fb69fe5f3fb9
  Result: bd966fac789cc6c1563440b348ab2598cc24d5c7
  Toast-Swift: e42a638589a2f95036b4bb7626cfbdde7daf0393
  Windless: c6b7d63ac3a0c7e6b241e316650d4605abf71894

PODFILE CHECKSUM: fc8f48a14f0810b2154d73951ee1ba728636be54

COCOAPODS: 1.6.0.beta.2
